
Microsoft Visual Studio Solution File, Format Version 12.00
# Visual Studio Version 17
VisualStudioVersion = 17.4.33213.308
MinimumVisualStudioVersion = 10.0.40219.1
Project("{FAE04EC0-301F-11D3-BF4B-00C04F79EFBC}") = "Sales.shared", "Sales.shared\Sales.shared.csproj", "{3A60BDCB-B760-4627-AE11-6B4D6B7F489B}"
EndProject
Project("{FAE04EC0-301F-11D3-BF4B-00C04F79EFBC}") = "Sales.API", "Sales.API\Sales.API.csproj", "{B252C2AC-B3AB-4836-AF57-214C3D4A6968}"
EndProject
Global
	GlobalSection(SolutionConfigurationPlatforms) = preSolution
		Debug|Any CPU = Debug|Any CPU
		Release|Any CPU = Release|Any CPU
	EndGlobalSection
	GlobalSection(ProjectConfigurationPlatforms) = postSolution
		{3A60BDCB-B760-4627-AE11-6B4D6B7F489B}.Debug|Any CPU.ActiveCfg = Debug|Any CPU
		{3A60BDCB-B760-4627-AE11-6B4D6B7F489B}.Debug|Any CPU.Build.0 = Debug|Any CPU
		{3A60BDCB-B760-4627-AE11-6B4D6B7F489B}.Release|Any CPU.ActiveCfg = Release|Any CPU
		{3A60BDCB-B760-4627-AE11-6B4D6B7F489B}.Release|Any CPU.Build.0 = Release|Any CPU
		{B252C2AC-B3AB-4836-AF57-214C3D4A6968}.Debug|Any CPU.ActiveCfg = Debug|Any CPU
		{B252C2AC-B3AB-4836-AF57-214C3D4A6968}.Debug|Any CPU.Build.0 = Debug|Any CPU
		{B252C2AC-B3AB-4836-AF57-214C3D4A6968}.Release|Any CPU.ActiveCfg = Release|Any CPU
		{B252C2AC-B3AB-4836-AF57-214C3D4A6968}.Release|Any CPU.Build.0 = Release|Any CPU
	EndGlobalSection
	GlobalSection(SolutionProperties) = preSolution
		HideSolutionNode = FALSE
	EndGlobalSection
	GlobalSection(ExtensibilityGlobals) = postSolution
		SolutionGuid = {9BF78C98-7503-49FB-853E-EE4EBE061C2E}
	EndGlobalSection
EndGlobal
