
Microsoft Visual Studio Solution File, Format Version 12.00
# Visual Studio Version 17
VisualStudioVersion = 17.4.33213.308
MinimumVisualStudioVersion = 10.0.40219.1
Project("{9A19103F-16F7-4668-BE54-9A1E7A4F7556}") = "Sales.API", "Sales.API\Sales.API.csproj", "{B252C2AC-B3AB-4836-AF57-214C3D4A6968}"
EndProject
Project("{FAE04EC0-301F-11D3-BF4B-00C04F79EFBC}") = "Sales.shared", "Sales.shared\Sales.shared.csproj", "{8266DC7F-F685-4EE2-AB88-0B5C02B1D051}"
EndProject
Project("{FAE04EC0-301F-11D3-BF4B-00C04F79EFBC}") = "Sales.WEB", "Sales.WEB\Sales.WEB.csproj", "{0F2CF3B2-4448-4F56-8F94-80FEEBDF6A64}"
EndProject
Project("{FAE04EC0-301F-11D3-BF4B-00C04F79EFBC}") = "Sales.Mobile", "Sales.Mobile\Sales.Mobile.csproj", "{7D6006E3-F3FC-4D82-BD84-20680DCE983E}"
EndProject
Global
	GlobalSection(SolutionConfigurationPlatforms) = preSolution
		Debug|Any CPU = Debug|Any CPU
		Release|Any CPU = Release|Any CPU
	EndGlobalSection
	GlobalSection(ProjectConfigurationPlatforms) = postSolution
		{B252C2AC-B3AB-4836-AF57-214C3D4A6968}.Debug|Any CPU.ActiveCfg = Debug|Any CPU
		{B252C2AC-B3AB-4836-AF57-214C3D4A6968}.Debug|Any CPU.Build.0 = Debug|Any CPU
		{B252C2AC-B3AB-4836-AF57-214C3D4A6968}.Release|Any CPU.ActiveCfg = Release|Any CPU
		{B252C2AC-B3AB-4836-AF57-214C3D4A6968}.Release|Any CPU.Build.0 = Release|Any CPU
		{8266DC7F-F685-4EE2-AB88-0B5C02B1D051}.Debug|Any CPU.ActiveCfg = Debug|Any CPU
		{8266DC7F-F685-4EE2-AB88-0B5C02B1D051}.Debug|Any CPU.Build.0 = Debug|Any CPU
		{8266DC7F-F685-4EE2-AB88-0B5C02B1D051}.Release|Any CPU.ActiveCfg = Release|Any CPU
		{8266DC7F-F685-4EE2-AB88-0B5C02B1D051}.Release|Any CPU.Build.0 = Release|Any CPU
		{0F2CF3B2-4448-4F56-8F94-80FEEBDF6A64}.Debug|Any CPU.ActiveCfg = Debug|Any CPU
		{0F2CF3B2-4448-4F56-8F94-80FEEBDF6A64}.Debug|Any CPU.Build.0 = Debug|Any CPU
		{0F2CF3B2-4448-4F56-8F94-80FEEBDF6A64}.Release|Any CPU.ActiveCfg = Release|Any CPU
		{0F2CF3B2-4448-4F56-8F94-80FEEBDF6A64}.Release|Any CPU.Build.0 = Release|Any CPU
		{7D6006E3-F3FC-4D82-BD84-20680DCE983E}.Debug|Any CPU.ActiveCfg = Debug|Any CPU
		{7D6006E3-F3FC-4D82-BD84-20680DCE983E}.Debug|Any CPU.Build.0 = Debug|Any CPU
		{7D6006E3-F3FC-4D82-BD84-20680DCE983E}.Debug|Any CPU.Deploy.0 = Debug|Any CPU
		{7D6006E3-F3FC-4D82-BD84-20680DCE983E}.Release|Any CPU.ActiveCfg = Release|Any CPU
		{7D6006E3-F3FC-4D82-BD84-20680DCE983E}.Release|Any CPU.Build.0 = Release|Any CPU
		{7D6006E3-F3FC-4D82-BD84-20680DCE983E}.Release|Any CPU.Deploy.0 = Release|Any CPU
	EndGlobalSection
	GlobalSection(SolutionProperties) = preSolution
		HideSolutionNode = FALSE
	EndGlobalSection
	GlobalSection(ExtensibilityGlobals) = postSolution
		SolutionGuid = {9BF78C98-7503-49FB-853E-EE4EBE061C2E}
	EndGlobalSection
EndGlobal
